<?xml version="1.0" encoding="utf-8"?>
<Project ToolsVersion="4.0" xmlns="http://schemas.microsoft.com/developer/msbuild/2003">
  <ItemGroup>
    <ClCompile Include="..\src\main.cpp" />
    <ClCompile Include="..\deps\src\glad.c" />
    <ClCompile Include="..\src\model\EBO.cpp">
      <Filter>model</Filter>
    </ClCompile>
    <ClCompile Include="..\src\model\VAO.cpp">
      <Filter>model</Filter>
    </ClCompile>
    <ClCompile Include="..\src\model\VBO.cpp">
      <Filter>model</Filter>
    </ClCompile>
    <ClCompile Include="..\src\Model\Mesh.cpp">
      <Filter>model</Filter>
    </ClCompile>
    <ClCompile Include="..\src\Utils.cpp" />
    <ClCompile Include="..\src\engine\Engine.cpp">
      <Filter>engine</Filter>
    </ClCompile>
    <ClCompile Include="..\src\engine\InputManager.cpp">
      <Filter>engine</Filter>
    </ClCompile>
    <ClCompile Include="..\src\engine\Shader.cpp">
      <Filter>engine</Filter>
    </ClCompile>
    <ClCompile Include="..\src\engine\World.cpp">
      <Filter>engine</Filter>
    </ClCompile>
  </ItemGroup>
  <ItemGroup>
    <ClInclude Include="..\src\model\EBO.h">
      <Filter>model</Filter>
    </ClInclude>
    <ClInclude Include="..\src\model\VAO.h">
      <Filter>model</Filter>
    </ClInclude>
    <ClInclude Include="..\src\model\VBO.h">
      <Filter>model</Filter>
    </ClInclude>
    <ClInclude Include="..\src\Model\Mesh.h">
      <Filter>model</Filter>
    </ClInclude>
    <ClInclude Include="..\src\Utils.h" />
    <ClInclude Include="..\src\engine\Engine.h">
      <Filter>engine</Filter>
    </ClInclude>
    <ClInclude Include="..\src\engine\InputManager.h">
      <Filter>engine</Filter>
    </ClInclude>
    <ClInclude Include="..\src\engine\Shader.h">
      <Filter>engine</Filter>
    </ClInclude>
    <ClInclude Include="..\src\engine\World.h">
      <Filter>engine</Filter>
    </ClInclude>
  </ItemGroup>
  <ItemGroup>
    <Filter Include="model">
      <UniqueIdentifier>{9b57d9f8-cedf-4d29-a254-96c33b18d6b2}</UniqueIdentifier>
    </Filter>
    <Filter Include="shaders">
      <UniqueIdentifier>{56d0d064-a014-4e83-b48c-26389dfbb1e6}</UniqueIdentifier>
    </Filter>
    <Filter Include="engine">
      <UniqueIdentifier>{def8f783-632e-478b-9e49-c7bc7200c10e}</UniqueIdentifier>
    </Filter>
  </ItemGroup>
  <ItemGroup>
    <None Include="..\src\shader\frag.glsl">
      <Filter>shaders</Filter>
    </None>
    <None Include="..\src\shader\vert.glsl">
      <Filter>shaders</Filter>
    </None>
  </ItemGroup>
</Project>