<?xml version="1.0" encoding="utf-8"?>
<Project ToolsVersion="4.0" xmlns="http://schemas.microsoft.com/developer/msbuild/2003">
  <ItemGroup>
    <ClCompile Include="..\src\main.cpp" />
    <ClCompile Include="..\deps\src\glad.c" />
    <ClCompile Include="..\src\Utils.cpp" />
    <ClCompile Include="..\src\engine\Engine.cpp">
      <Filter>engine</Filter>
    </ClCompile>
    <ClCompile Include="..\src\engine\InputManager.cpp">
      <Filter>engine</Filter>
    </ClCompile>
    <ClCompile Include="..\src\engine\Shader.cpp">
      <Filter>engine</Filter>
    </ClCompile>
    <ClCompile Include="..\src\engine\World.cpp">
      <Filter>engine</Filter>
    </ClCompile>
    <ClCompile Include="..\src\game\BallController.cpp">
      <Filter>game</Filter>
    </ClCompile>
    <ClCompile Include="..\src\game\PlayerInputManager.cpp">
      <Filter>game</Filter>
    </ClCompile>
    <ClCompile Include="..\src\engine\CollisionManager.cpp">
      <Filter>engine</Filter>
    </ClCompile>
    <ClCompile Include="..\src\game\GameEventManager.cpp">
      <Filter>game</Filter>
    </ClCompile>
    <ClCompile Include="..\src\game\PongCollisionManager.cpp">
      <Filter>game</Filter>
    </ClCompile>
    <ClCompile Include="..\src\engine\TextRenderer.cpp">
      <Filter>engine</Filter>
    </ClCompile>
    <ClCompile Include="..\src\model\EBO.cpp">
      <Filter>model</Filter>
    </ClCompile>
    <ClCompile Include="..\src\model\obj\MeshObj.cpp">
      <Filter>model\obj</Filter>
    </ClCompile>
    <ClCompile Include="..\src\model\obj\VAO_Obj.cpp">
      <Filter>model\obj</Filter>
    </ClCompile>
    <ClCompile Include="..\src\model\obj\VBO_Obj.cpp">
      <Filter>model\obj</Filter>
    </ClCompile>
    <ClCompile Include="..\src\model\text\MeshText.cpp">
      <Filter>model\text</Filter>
    </ClCompile>
    <ClCompile Include="..\src\model\text\VAO_Text.cpp">
      <Filter>model\text</Filter>
    </ClCompile>
    <ClCompile Include="..\src\model\text\VBO_Text.cpp">
      <Filter>model\text</Filter>
    </ClCompile>
  </ItemGroup>
  <ItemGroup>
    <ClInclude Include="..\src\Utils.h" />
    <ClInclude Include="..\src\engine\Engine.h">
      <Filter>engine</Filter>
    </ClInclude>
    <ClInclude Include="..\src\engine\InputManager.h">
      <Filter>engine</Filter>
    </ClInclude>
    <ClInclude Include="..\src\engine\Shader.h">
      <Filter>engine</Filter>
    </ClInclude>
    <ClInclude Include="..\src\engine\World.h">
      <Filter>engine</Filter>
    </ClInclude>
    <ClInclude Include="..\src\game\BallController.h">
      <Filter>game</Filter>
    </ClInclude>
    <ClInclude Include="..\src\game\PlayerInputManager.h">
      <Filter>game</Filter>
    </ClInclude>
    <ClInclude Include="..\src\engine\CollisionManager.h">
      <Filter>engine</Filter>
    </ClInclude>
    <ClInclude Include="..\src\game\GameEventManager.h">
      <Filter>game</Filter>
    </ClInclude>
    <ClInclude Include="..\src\game\PongCollisionManager.h">
      <Filter>game</Filter>
    </ClInclude>
    <ClInclude Include="..\src\engine\TextRenderer.h">
      <Filter>engine</Filter>
    </ClInclude>
    <ClInclude Include="..\src\model\EBO.h">
      <Filter>model</Filter>
    </ClInclude>
    <ClInclude Include="..\src\model\obj\MeshObj.h">
      <Filter>model\obj</Filter>
    </ClInclude>
    <ClInclude Include="..\src\model\obj\VAO_Obj.h">
      <Filter>model\obj</Filter>
    </ClInclude>
    <ClInclude Include="..\src\model\obj\VBO_Obj.h">
      <Filter>model\obj</Filter>
    </ClInclude>
    <ClInclude Include="..\src\model\text\MeshText.h">
      <Filter>model\text</Filter>
    </ClInclude>
    <ClInclude Include="..\src\model\text\VAO_Text.h">
      <Filter>model\text</Filter>
    </ClInclude>
    <ClInclude Include="..\src\model\text\VBO_Text.h">
      <Filter>model\text</Filter>
    </ClInclude>
  </ItemGroup>
  <ItemGroup>
    <Filter Include="model">
      <UniqueIdentifier>{9b57d9f8-cedf-4d29-a254-96c33b18d6b2}</UniqueIdentifier>
    </Filter>
    <Filter Include="shaders">
      <UniqueIdentifier>{56d0d064-a014-4e83-b48c-26389dfbb1e6}</UniqueIdentifier>
    </Filter>
    <Filter Include="engine">
      <UniqueIdentifier>{def8f783-632e-478b-9e49-c7bc7200c10e}</UniqueIdentifier>
    </Filter>
    <Filter Include="game">
      <UniqueIdentifier>{a9073faa-19bf-4392-9679-f84bc6c6614f}</UniqueIdentifier>
    </Filter>
    <Filter Include="model\obj">
      <UniqueIdentifier>{bfa9f82c-e756-4c76-9dd8-96647b1be5c4}</UniqueIdentifier>
    </Filter>
    <Filter Include="model\text">
      <UniqueIdentifier>{e26123c3-abd9-45c5-b9e9-4bb8ec46bcaf}</UniqueIdentifier>
    </Filter>
  </ItemGroup>
  <ItemGroup>
    <None Include="..\src\shader\obj.frag">
      <Filter>shaders</Filter>
    </None>
    <None Include="..\src\shader\obj.vert">
      <Filter>shaders</Filter>
    </None>
    <None Include="..\src\shader\text.frag">
      <Filter>shaders</Filter>
    </None>
    <None Include="..\src\shader\text.vert">
      <Filter>shaders</Filter>
    </None>
  </ItemGroup>
</Project>